
Microsoft Visual Studio Solution File, Format Version 12.00
# Visual Studio Version 17
VisualStudioVersion = 17.2.32630.192
MinimumVisualStudioVersion = 10.0.40219.1
Project("{9A19103F-16F7-4668-BE54-9A1E7A4F7556}") = "Desktop", "Desktop\Desktop.csproj", "{F06779B2-7E96-476A-A645-DEB8D4AFB350}"
EndProject
Global
	GlobalSection(SolutionConfigurationPlatforms) = preSolution
		Debug|Any CPU = Debug|Any CPU
		Release|Any CPU = Release|Any CPU
	EndGlobalSection
	GlobalSection(ProjectConfigurationPlatforms) = postSolution
		{F06779B2-7E96-476A-A645-DEB8D4AFB350}.Debug|Any CPU.ActiveCfg = Debug|Any CPU
		{F06779B2-7E96-476A-A645-DEB8D4AFB350}.Debug|Any CPU.Build.0 = Debug|Any CPU
		{F06779B2-7E96-476A-A645-DEB8D4AFB350}.Release|Any CPU.ActiveCfg = Release|Any CPU
		{F06779B2-7E96-476A-A645-DEB8D4AFB350}.Release|Any CPU.Build.0 = Release|Any CPU
	EndGlobalSection
	GlobalSection(SolutionProperties) = preSolution
		HideSolutionNode = FALSE
	EndGlobalSection
	GlobalSection(ExtensibilityGlobals) = postSolution
		SolutionGuid = {821B8F70-F3E3-4BD0-B9FF-1E79D3A93DA0}
	EndGlobalSection
EndGlobal
